
Microsoft Visual Studio Solution File, Format Version 12.00
# Visual Studio Version 16
VisualStudioVersion = 16.0.30114.105
MinimumVisualStudioVersion = 10.0.40219.1
Project("{FAE04EC0-301F-11D3-BF4B-00C04F79EFBC}") = "P02", "P02\P02.csproj", "{8A732BE7-A77F-4EED-A8D1-10F3AE6D49C1}"
EndProject
Global
	GlobalSection(SolutionConfigurationPlatforms) = preSolution
		Debug|Any CPU = Debug|Any CPU
		Release|Any CPU = Release|Any CPU
	EndGlobalSection
	GlobalSection(ProjectConfigurationPlatforms) = postSolution
		{8A732BE7-A77F-4EED-A8D1-10F3AE6D49C1}.Debug|Any CPU.ActiveCfg = Debug|Any CPU
		{8A732BE7-A77F-4EED-A8D1-10F3AE6D49C1}.Debug|Any CPU.Build.0 = Debug|Any CPU
		{8A732BE7-A77F-4EED-A8D1-10F3AE6D49C1}.Release|Any CPU.ActiveCfg = Release|Any CPU
		{8A732BE7-A77F-4EED-A8D1-10F3AE6D49C1}.Release|Any CPU.Build.0 = Release|Any CPU
	EndGlobalSection
	GlobalSection(SolutionProperties) = preSolution
		HideSolutionNode = FALSE
	EndGlobalSection
	GlobalSection(ExtensibilityGlobals) = postSolution
		SolutionGuid = {B83D6AFD-A7FA-420F-80EB-4D342F60077E}
	EndGlobalSection
EndGlobal
